
Microsoft Visual Studio Solution File, Format Version 12.00
# Visual Studio Version 17
VisualStudioVersion = 17.14.36212.18 d17.14
MinimumVisualStudioVersion = 10.0.40219.1
Project("{FAE04EC0-301F-11D3-BF4B-00C04F79EFBC}") = "PrimeInsulationBilling", "PrimeInsulationBilling\PrimeInsulationBilling.csproj", "{994908C0-79AF-43B2-9BE4-A28BAC1F72CF}"
EndProject
Global
	GlobalSection(SolutionConfigurationPlatforms) = preSolution
		Debug|Any CPU = Debug|Any CPU
		Release|Any CPU = Release|Any CPU
	EndGlobalSection
	GlobalSection(ProjectConfigurationPlatforms) = postSolution
		{994908C0-79AF-43B2-9BE4-A28BAC1F72CF}.Debug|Any CPU.ActiveCfg = Debug|Any CPU
		{994908C0-79AF-43B2-9BE4-A28BAC1F72CF}.Debug|Any CPU.Build.0 = Debug|Any CPU
		{994908C0-79AF-43B2-9BE4-A28BAC1F72CF}.Release|Any CPU.ActiveCfg = Release|Any CPU
		{994908C0-79AF-43B2-9BE4-A28BAC1F72CF}.Release|Any CPU.Build.0 = Release|Any CPU
	EndGlobalSection
	GlobalSection(SolutionProperties) = preSolution
		HideSolutionNode = FALSE
	EndGlobalSection
	GlobalSection(ExtensibilityGlobals) = postSolution
		SolutionGuid = {987B06D9-2077-48A0-8B1E-7C5AE76A8F0C}
	EndGlobalSection
EndGlobal
